
Microsoft Visual Studio Solution File, Format Version 12.00
# Visual Studio Version 17
VisualStudioVersion = 17.6.33723.286
MinimumVisualStudioVersion = 10.0.40219.1
Project("{FAE04EC0-301F-11D3-BF4B-00C04F79EFBC}") = "eAgendaMedica.Dominio", "eAgenda.dominio\eAgendaMedica.Dominio.csproj", "{F509C01A-ADCE-4625-829A-AA52F7B64215}"
EndProject
Project("{FAE04EC0-301F-11D3-BF4B-00C04F79EFBC}") = "eAgendaMedica.Aplicacao", "eAgendaMedica.Aplicacao\eAgendaMedica.Aplicacao.csproj", "{633D3442-7173-4F30-8E6B-B0F800B4CBE5}"
EndProject
Project("{FAE04EC0-301F-11D3-BF4B-00C04F79EFBC}") = "eAgendaMedica.Infra.Orm", "eAgendaMedica.Infra.Orm\eAgendaMedica.Infra.Orm.csproj", "{37D742BE-D1F5-4449-9888-B2F1C91D9A59}"
EndProject
Project("{FAE04EC0-301F-11D3-BF4B-00C04F79EFBC}") = "eAgendaMedica.WebApi", "eAgendaMedica.WebApi\eAgendaMedica.WebApi.csproj", "{304474C6-25C0-46EB-B358-B09C592299FB}"
EndProject
Project("{2150E333-8FDC-42A3-9474-1A3956D46DE8}") = "3 - Distribuição", "3 - Distribuição", "{A91D6436-9F6F-486F-9BA4-4B34219CC2E8}"
EndProject
Project("{2150E333-8FDC-42A3-9474-1A3956D46DE8}") = "2 - Aplicação", "2 - Aplicação", "{C5E4D411-F2F3-4505-BE11-0F2A4C8F10D8}"
EndProject
Project("{2150E333-8FDC-42A3-9474-1A3956D46DE8}") = "4 - Domínio", "4 - Domínio", "{B7417B62-7729-405B-9CEB-C1178506334C}"
EndProject
Project("{2150E333-8FDC-42A3-9474-1A3956D46DE8}") = "5 - Infra", "5 - Infra", "{626E553C-FA33-4873-980C-BE756E27DB65}"
EndProject
Project("{2150E333-8FDC-42A3-9474-1A3956D46DE8}") = "1 - Apresentação", "1 - Apresentação", "{B7713B31-A675-4584-B2D5-7C8C109C7FF3}"
EndProject
Project("{FAE04EC0-301F-11D3-BF4B-00C04F79EFBC}") = "eAgendaMedica.ConsoleApp", "eAgendaMedica.ConsoleApp\eAgendaMedica.ConsoleApp.csproj", "{385949D2-36F0-4C0B-BF9C-119DA0914643}"
EndProject
Global
	GlobalSection(SolutionConfigurationPlatforms) = preSolution
		Debug|Any CPU = Debug|Any CPU
		Release|Any CPU = Release|Any CPU
	EndGlobalSection
	GlobalSection(ProjectConfigurationPlatforms) = postSolution
		{F509C01A-ADCE-4625-829A-AA52F7B64215}.Debug|Any CPU.ActiveCfg = Debug|Any CPU
		{F509C01A-ADCE-4625-829A-AA52F7B64215}.Debug|Any CPU.Build.0 = Debug|Any CPU
		{F509C01A-ADCE-4625-829A-AA52F7B64215}.Release|Any CPU.ActiveCfg = Release|Any CPU
		{F509C01A-ADCE-4625-829A-AA52F7B64215}.Release|Any CPU.Build.0 = Release|Any CPU
		{633D3442-7173-4F30-8E6B-B0F800B4CBE5}.Debug|Any CPU.ActiveCfg = Debug|Any CPU
		{633D3442-7173-4F30-8E6B-B0F800B4CBE5}.Debug|Any CPU.Build.0 = Debug|Any CPU
		{633D3442-7173-4F30-8E6B-B0F800B4CBE5}.Release|Any CPU.ActiveCfg = Release|Any CPU
		{633D3442-7173-4F30-8E6B-B0F800B4CBE5}.Release|Any CPU.Build.0 = Release|Any CPU
		{37D742BE-D1F5-4449-9888-B2F1C91D9A59}.Debug|Any CPU.ActiveCfg = Debug|Any CPU
		{37D742BE-D1F5-4449-9888-B2F1C91D9A59}.Debug|Any CPU.Build.0 = Debug|Any CPU
		{37D742BE-D1F5-4449-9888-B2F1C91D9A59}.Release|Any CPU.ActiveCfg = Release|Any CPU
		{37D742BE-D1F5-4449-9888-B2F1C91D9A59}.Release|Any CPU.Build.0 = Release|Any CPU
		{304474C6-25C0-46EB-B358-B09C592299FB}.Debug|Any CPU.ActiveCfg = Debug|Any CPU
		{304474C6-25C0-46EB-B358-B09C592299FB}.Debug|Any CPU.Build.0 = Debug|Any CPU
		{304474C6-25C0-46EB-B358-B09C592299FB}.Release|Any CPU.ActiveCfg = Release|Any CPU
		{304474C6-25C0-46EB-B358-B09C592299FB}.Release|Any CPU.Build.0 = Release|Any CPU
		{385949D2-36F0-4C0B-BF9C-119DA0914643}.Debug|Any CPU.ActiveCfg = Debug|Any CPU
		{385949D2-36F0-4C0B-BF9C-119DA0914643}.Debug|Any CPU.Build.0 = Debug|Any CPU
		{385949D2-36F0-4C0B-BF9C-119DA0914643}.Release|Any CPU.ActiveCfg = Release|Any CPU
		{385949D2-36F0-4C0B-BF9C-119DA0914643}.Release|Any CPU.Build.0 = Release|Any CPU
	EndGlobalSection
	GlobalSection(SolutionProperties) = preSolution
		HideSolutionNode = FALSE
	EndGlobalSection
	GlobalSection(NestedProjects) = preSolution
		{F509C01A-ADCE-4625-829A-AA52F7B64215} = {B7417B62-7729-405B-9CEB-C1178506334C}
		{633D3442-7173-4F30-8E6B-B0F800B4CBE5} = {C5E4D411-F2F3-4505-BE11-0F2A4C8F10D8}
		{37D742BE-D1F5-4449-9888-B2F1C91D9A59} = {626E553C-FA33-4873-980C-BE756E27DB65}
		{304474C6-25C0-46EB-B358-B09C592299FB} = {A91D6436-9F6F-486F-9BA4-4B34219CC2E8}
		{385949D2-36F0-4C0B-BF9C-119DA0914643} = {B7713B31-A675-4584-B2D5-7C8C109C7FF3}
	EndGlobalSection
	GlobalSection(ExtensibilityGlobals) = postSolution
		SolutionGuid = {52D12E8C-384F-48FC-9ADB-DB8BB29E04D8}
	EndGlobalSection
EndGlobal
